
Microsoft Visual Studio Solution File, Format Version 12.00
# Visual Studio Version 17
VisualStudioVersion = 17.14.36202.13 d17.14
MinimumVisualStudioVersion = 10.0.40219.1
Project("{FAE04EC0-301F-11D3-BF4B-00C04F79EFBC}") = "glint-backend", "glint-backend.csproj", "{B42734BF-7263-421C-9DEF-B658EF7BCCF5}"
EndProject
Global
	GlobalSection(SolutionConfigurationPlatforms) = preSolution
		Debug|Any CPU = Debug|Any CPU
		Release|Any CPU = Release|Any CPU
	EndGlobalSection
	GlobalSection(ProjectConfigurationPlatforms) = postSolution
		{B42734BF-7263-421C-9DEF-B658EF7BCCF5}.Debug|Any CPU.ActiveCfg = Debug|Any CPU
		{B42734BF-7263-421C-9DEF-B658EF7BCCF5}.Debug|Any CPU.Build.0 = Debug|Any CPU
		{B42734BF-7263-421C-9DEF-B658EF7BCCF5}.Release|Any CPU.ActiveCfg = Release|Any CPU
		{B42734BF-7263-421C-9DEF-B658EF7BCCF5}.Release|Any CPU.Build.0 = Release|Any CPU
	EndGlobalSection
	GlobalSection(SolutionProperties) = preSolution
		HideSolutionNode = FALSE
	EndGlobalSection
	GlobalSection(ExtensibilityGlobals) = postSolution
		SolutionGuid = {22D58950-C286-4D2F-9B2A-2144D83BA488}
	EndGlobalSection
EndGlobal
